
Microsoft Visual Studio Solution File, Format Version 12.00
# Visual Studio Version 17
VisualStudioVersion = 17.11.35303.130
MinimumVisualStudioVersion = 10.0.40219.1
Project("{FAE04EC0-301F-11D3-BF4B-00C04F79EFBC}") = "AspSerilog", "AspSerilog\AspSerilog.csproj", "{EE35E370-9F41-4748-8458-DA6CE4AB0591}"
EndProject
Global
	GlobalSection(SolutionConfigurationPlatforms) = preSolution
		Debug|Any CPU = Debug|Any CPU
		Release|Any CPU = Release|Any CPU
	EndGlobalSection
	GlobalSection(ProjectConfigurationPlatforms) = postSolution
		{EE35E370-9F41-4748-8458-DA6CE4AB0591}.Debug|Any CPU.ActiveCfg = Debug|Any CPU
		{EE35E370-9F41-4748-8458-DA6CE4AB0591}.Debug|Any CPU.Build.0 = Debug|Any CPU
		{EE35E370-9F41-4748-8458-DA6CE4AB0591}.Release|Any CPU.ActiveCfg = Release|Any CPU
		{EE35E370-9F41-4748-8458-DA6CE4AB0591}.Release|Any CPU.Build.0 = Release|Any CPU
	EndGlobalSection
	GlobalSection(SolutionProperties) = preSolution
		HideSolutionNode = FALSE
	EndGlobalSection
	GlobalSection(ExtensibilityGlobals) = postSolution
		SolutionGuid = {AA6F12F1-B5B5-4EC2-8BE8-632F09C53C8D}
	EndGlobalSection
EndGlobal
